
Microsoft Visual Studio Solution File, Format Version 12.00
# Visual Studio Version 17
VisualStudioVersion = 17.5.002.0
MinimumVisualStudioVersion = 10.0.40219.1
Project("{9A19103F-16F7-4668-BE54-9A1E7A4F7556}") = "Boam3D", "src\library\Boam3D.csproj", "{921040EF-DE60-4535-8D76-AAD87D67B9BE}"
EndProject
Project("{9A19103F-16F7-4668-BE54-9A1E7A4F7556}") = "test", "test\test.csproj", "{A8AD3A3B-04EF-4A6C-8D61-E00722731F07}"
EndProject
Global
	GlobalSection(SolutionConfigurationPlatforms) = preSolution
		Debug|Any CPU = Debug|Any CPU
		Release|Any CPU = Release|Any CPU
	EndGlobalSection
	GlobalSection(ProjectConfigurationPlatforms) = postSolution
		{921040EF-DE60-4535-8D76-AAD87D67B9BE}.Debug|Any CPU.ActiveCfg = Debug|Any CPU
		{921040EF-DE60-4535-8D76-AAD87D67B9BE}.Debug|Any CPU.Build.0 = Debug|Any CPU
		{921040EF-DE60-4535-8D76-AAD87D67B9BE}.Release|Any CPU.ActiveCfg = Release|Any CPU
		{921040EF-DE60-4535-8D76-AAD87D67B9BE}.Release|Any CPU.Build.0 = Release|Any CPU
		{A8AD3A3B-04EF-4A6C-8D61-E00722731F07}.Debug|Any CPU.ActiveCfg = Debug|Any CPU
		{A8AD3A3B-04EF-4A6C-8D61-E00722731F07}.Debug|Any CPU.Build.0 = Debug|Any CPU
		{A8AD3A3B-04EF-4A6C-8D61-E00722731F07}.Release|Any CPU.ActiveCfg = Release|Any CPU
		{A8AD3A3B-04EF-4A6C-8D61-E00722731F07}.Release|Any CPU.Build.0 = Release|Any CPU
	EndGlobalSection
	GlobalSection(SolutionProperties) = preSolution
		HideSolutionNode = FALSE
	EndGlobalSection
	GlobalSection(ExtensibilityGlobals) = postSolution
		SolutionGuid = {7EE68ADD-07BB-4995-AAC9-529BCBECCC22}
	EndGlobalSection
EndGlobal
